
Microsoft Visual Studio Solution File, Format Version 12.00
# Visual Studio Version 17
VisualStudioVersion = 17.8.34511.84
MinimumVisualStudioVersion = 10.0.40219.1
Project("{FAE04EC0-301F-11D3-BF4B-00C04F79EFBC}") = "XmlDemo", "XmlDemo\XmlDemo.csproj", "{31C37D39-8CAC-48F2-966D-1AD9DA3104C5}"
EndProject
Global
	GlobalSection(SolutionConfigurationPlatforms) = preSolution
		Debug|Any CPU = Debug|Any CPU
		Release|Any CPU = Release|Any CPU
	EndGlobalSection
	GlobalSection(ProjectConfigurationPlatforms) = postSolution
		{31C37D39-8CAC-48F2-966D-1AD9DA3104C5}.Debug|Any CPU.ActiveCfg = Debug|Any CPU
		{31C37D39-8CAC-48F2-966D-1AD9DA3104C5}.Debug|Any CPU.Build.0 = Debug|Any CPU
		{31C37D39-8CAC-48F2-966D-1AD9DA3104C5}.Release|Any CPU.ActiveCfg = Release|Any CPU
		{31C37D39-8CAC-48F2-966D-1AD9DA3104C5}.Release|Any CPU.Build.0 = Release|Any CPU
	EndGlobalSection
	GlobalSection(SolutionProperties) = preSolution
		HideSolutionNode = FALSE
	EndGlobalSection
	GlobalSection(ExtensibilityGlobals) = postSolution
		SolutionGuid = {AA8E0DAD-D20A-4F35-BFC6-E85CBF26F143}
	EndGlobalSection
EndGlobal
